
Microsoft Visual Studio Solution File, Format Version 12.00
# Visual Studio Version 17
VisualStudioVersion = 17.8.34525.116
MinimumVisualStudioVersion = 10.0.40219.1
Project("{FAE04EC0-301F-11D3-BF4B-00C04F79EFBC}") = "SP_Kursach", "SP_Kursach\SP_Kursach.csproj", "{DD1A95EA-32F5-4942-BC8C-10CFC0669336}"
EndProject
Global
	GlobalSection(SolutionConfigurationPlatforms) = preSolution
		Debug|Any CPU = Debug|Any CPU
		Release|Any CPU = Release|Any CPU
	EndGlobalSection
	GlobalSection(ProjectConfigurationPlatforms) = postSolution
		{DD1A95EA-32F5-4942-BC8C-10CFC0669336}.Debug|Any CPU.ActiveCfg = Debug|Any CPU
		{DD1A95EA-32F5-4942-BC8C-10CFC0669336}.Debug|Any CPU.Build.0 = Debug|Any CPU
		{DD1A95EA-32F5-4942-BC8C-10CFC0669336}.Release|Any CPU.ActiveCfg = Release|Any CPU
		{DD1A95EA-32F5-4942-BC8C-10CFC0669336}.Release|Any CPU.Build.0 = Release|Any CPU
	EndGlobalSection
	GlobalSection(SolutionProperties) = preSolution
		HideSolutionNode = FALSE
	EndGlobalSection
	GlobalSection(ExtensibilityGlobals) = postSolution
		SolutionGuid = {CA14D8EC-B116-4648-9DD0-813219FC7D1B}
	EndGlobalSection
EndGlobal
